// !$*UTF8*$!
{
	archiveVersion = 1;
	classes = {
	};
	objectVersion = 46;
	objects = {

/* Begin PBXBuildFile section */
		100B69221DED8DDA00BCEC66 /* PlaceTableViewCell.swift in Sources */ = {isa = PBXBuildFile; fileRef = 100B69201DED8DDA00BCEC66 /* PlaceTableViewCell.swift */; };
		100B69231DED8DDA00BCEC66 /* PlaceTableViewCell.xib in Resources */ = {isa = PBXBuildFile; fileRef = 100B69211DED8DDA00BCEC66 /* PlaceTableViewCell.xib */; };
		10353CE21DCF405200A74914 /* GeoPointService.swift in Sources */ = {isa = PBXBuildFile; fileRef = 10353CE11DCF405200A74914 /* GeoPointService.swift */; };
		10353CE41DCF4A0A00A74914 /* CoreLocation.framework in Frameworks */ = {isa = PBXBuildFile; fileRef = 10353CE31DCF4A0A00A74914 /* CoreLocation.framework */; };
		10353CE61DCF4A1300A74914 /* MapKit.framework in Frameworks */ = {isa = PBXBuildFile; fileRef = 10353CE51DCF4A1300A74914 /* MapKit.framework */; };
		10353CEB1DCF581B00A74914 /* Parking.swift in Sources */ = {isa = PBXBuildFile; fileRef = 10353CEA1DCF581B00A74914 /* Parking.swift */; };
		10353CEE1DCF5AC300A74914 /* ParkingFactory.swift in Sources */ = {isa = PBXBuildFile; fileRef = 10353CED1DCF5AC300A74914 /* ParkingFactory.swift */; };
		10471D5D1DEDD03E0012CF26 /* Place.swift in Sources */ = {isa = PBXBuildFile; fileRef = 10471D5C1DEDD03E0012CF26 /* Place.swift */; };
		10471D5F1DEDDA290012CF26 /* DefaultViewController.swift in Sources */ = {isa = PBXBuildFile; fileRef = 10471D5E1DEDDA290012CF26 /* DefaultViewController.swift */; };
		10471D621DEE192C0012CF26 /* SearchPlace.swift in Sources */ = {isa = PBXBuildFile; fileRef = 10471D611DEE192C0012CF26 /* SearchPlace.swift */; };
		104D05A31DD203E8009B45B7 /* FBAnnotation.swift in Sources */ = {isa = PBXBuildFile; fileRef = 104D05981DD203E8009B45B7 /* FBAnnotation.swift */; };
		104D05A41DD203E8009B45B7 /* FBAnnotationCluster.swift in Sources */ = {isa = PBXBuildFile; fileRef = 104D05991DD203E8009B45B7 /* FBAnnotationCluster.swift */; };
		104D05A51DD203E8009B45B7 /* FBAnnotationClusterTemplate.swift in Sources */ = {isa = PBXBuildFile; fileRef = 104D059A1DD203E8009B45B7 /* FBAnnotationClusterTemplate.swift */; };
		104D05A61DD203E8009B45B7 /* FBAnnotationClusterView.swift in Sources */ = {isa = PBXBuildFile; fileRef = 104D059B1DD203E8009B45B7 /* FBAnnotationClusterView.swift */; };
		104D05A71DD203E8009B45B7 /* FBAnnotationClusterViewConfiguration.swift in Sources */ = {isa = PBXBuildFile; fileRef = 104D059C1DD203E8009B45B7 /* FBAnnotationClusterViewConfiguration.swift */; };
		104D05A81DD203E8009B45B7 /* FBBoundingBox+MapKit.swift in Sources */ = {isa = PBXBuildFile; fileRef = 104D059D1DD203E8009B45B7 /* FBBoundingBox+MapKit.swift */; };
		104D05A91DD203E8009B45B7 /* FBBoundingBox.swift in Sources */ = {isa = PBXBuildFile; fileRef = 104D059E1DD203E8009B45B7 /* FBBoundingBox.swift */; };
		104D05AA1DD203E8009B45B7 /* FBClusteringManager.swift in Sources */ = {isa = PBXBuildFile; fileRef = 104D059F1DD203E8009B45B7 /* FBClusteringManager.swift */; };
		104D05AB1DD203E8009B45B7 /* FBQuadTree.swift in Sources */ = {isa = PBXBuildFile; fileRef = 104D05A01DD203E8009B45B7 /* FBQuadTree.swift */; };
		104D05AC1DD203E8009B45B7 /* FBQuadTreeNode.swift in Sources */ = {isa = PBXBuildFile; fileRef = 104D05A11DD203E8009B45B7 /* FBQuadTreeNode.swift */; };
		104D05AD1DD203E8009B45B7 /* FBZoomLevel.swift in Sources */ = {isa = PBXBuildFile; fileRef = 104D05A21DD203E8009B45B7 /* FBZoomLevel.swift */; };
		1079DCBB1DCDBB0600A50781 /* Alamofire.framework in Frameworks */ = {isa = PBXBuildFile; fileRef = 1079DCB91DCDBB0600A50781 /* Alamofire.framework */; };
		1079DCBC1DCDBB0600A50781 /* SwiftyJSON.framework in Frameworks */ = {isa = PBXBuildFile; fileRef = 1079DCBA1DCDBB0600A50781 /* SwiftyJSON.framework */; };
		1079DCBE1DCDBB6700A50781 /* Alamofire.framework in CopyFiles */ = {isa = PBXBuildFile; fileRef = 1079DCB91DCDBB0600A50781 /* Alamofire.framework */; settings = {ATTRIBUTES = (CodeSignOnCopy, RemoveHeadersOnCopy, ); }; };
		1079DCBF1DCDBB6700A50781 /* SwiftyJSON.framework in CopyFiles */ = {isa = PBXBuildFile; fileRef = 1079DCBA1DCDBB0600A50781 /* SwiftyJSON.framework */; settings = {ATTRIBUTES = (CodeSignOnCopy, RemoveHeadersOnCopy, ); }; };
		10919E971DEF4FB80005C17D /* ChargingPoint.swift in Sources */ = {isa = PBXBuildFile; fileRef = 10919E961DEF4FB80005C17D /* ChargingPoint.swift */; };
		10919E991DEF51330005C17D /* ChargingPointFactory.swift in Sources */ = {isa = PBXBuildFile; fileRef = 10919E981DEF51330005C17D /* ChargingPointFactory.swift */; };
		10D3C8F31DD0BD9E000A9B87 /* MKMapViewExt.swift in Sources */ = {isa = PBXBuildFile; fileRef = 10D3C8F21DD0BD9E000A9B87 /* MKMapViewExt.swift */; };
		10E565511DEEF65300E6D5C3 /* FuelStation.swift in Sources */ = {isa = PBXBuildFile; fileRef = 10E565501DEEF65300E6D5C3 /* FuelStation.swift */; };
		10E565551DEF033A00E6D5C3 /* FuelStationFactory.swift in Sources */ = {isa = PBXBuildFile; fileRef = 10E565541DEF033A00E6D5C3 /* FuelStationFactory.swift */; };
		10E565571DEF03C300E6D5C3 /* PlaceFactory.swift in Sources */ = {isa = PBXBuildFile; fileRef = 10E565561DEF03C300E6D5C3 /* PlaceFactory.swift */; };
		10EF52AB1DE19F9000499D61 /* MapViewController.swift in Sources */ = {isa = PBXBuildFile; fileRef = 10EF52A71DE19F9000499D61 /* MapViewController.swift */; };
		10EF52AC1DE19F9000499D61 /* MapViewController.xib in Resources */ = {isa = PBXBuildFile; fileRef = 10EF52A81DE19F9000499D61 /* MapViewController.xib */; };
		10EF52AD1DE19F9000499D61 /* SearchViewController.swift in Sources */ = {isa = PBXBuildFile; fileRef = 10EF52A91DE19F9000499D61 /* SearchViewController.swift */; };
		10EF52AE1DE19F9000499D61 /* SearchViewController.xib in Resources */ = {isa = PBXBuildFile; fileRef = 10EF52AA1DE19F9000499D61 /* SearchViewController.xib */; };
		378A818A1D7FF38600DD8AE7 /* AppDelegate.swift in Sources */ = {isa = PBXBuildFile; fileRef = 378A81891D7FF38600DD8AE7 /* AppDelegate.swift */; };
		378A81911D7FF38600DD8AE7 /* Assets.xcassets in Resources */ = {isa = PBXBuildFile; fileRef = 378A81901D7FF38600DD8AE7 /* Assets.xcassets */; };
		378A81941D7FF38600DD8AE7 /* LaunchScreen.storyboard in Resources */ = {isa = PBXBuildFile; fileRef = 378A81921D7FF38600DD8AE7 /* LaunchScreen.storyboard */; };
/* End PBXBuildFile section */

/* Begin PBXCopyFilesBuildPhase section */
		1079DCBD1DCDBB4C00A50781 /* CopyFiles */ = {
			isa = PBXCopyFilesBuildPhase;
			buildActionMask = 2147483647;
			dstPath = "";
			dstSubfolderSpec = 10;
			files = (
				1079DCBE1DCDBB6700A50781 /* Alamofire.framework in CopyFiles */,
				1079DCBF1DCDBB6700A50781 /* SwiftyJSON.framework in CopyFiles */,
			);
			runOnlyForDeploymentPostprocessing = 0;
		};
/* End PBXCopyFilesBuildPhase section */

/* Begin PBXFileReference section */
		100B69201DED8DDA00BCEC66 /* PlaceTableViewCell.swift */ = {isa = PBXFileReference; fileEncoding = 4; lastKnownFileType = sourcecode.swift; path = PlaceTableViewCell.swift; sourceTree = "<group>"; };
		100B69211DED8DDA00BCEC66 /* PlaceTableViewCell.xib */ = {isa = PBXFileReference; fileEncoding = 4; lastKnownFileType = file.xib; path = PlaceTableViewCell.xib; sourceTree = "<group>"; };
		10353CE11DCF405200A74914 /* GeoPointService.swift */ = {isa = PBXFileReference; fileEncoding = 4; lastKnownFileType = sourcecode.swift; path = GeoPointService.swift; sourceTree = "<group>"; };
		10353CE31DCF4A0A00A74914 /* CoreLocation.framework */ = {isa = PBXFileReference; lastKnownFileType = wrapper.framework; name = CoreLocation.framework; path = System/Library/Frameworks/CoreLocation.framework; sourceTree = SDKROOT; };
		10353CE51DCF4A1300A74914 /* MapKit.framework */ = {isa = PBXFileReference; lastKnownFileType = wrapper.framework; name = MapKit.framework; path = System/Library/Frameworks/MapKit.framework; sourceTree = SDKROOT; };
		10353CEA1DCF581B00A74914 /* Parking.swift */ = {isa = PBXFileReference; fileEncoding = 4; lastKnownFileType = sourcecode.swift; path = Parking.swift; sourceTree = "<group>"; };
		10353CED1DCF5AC300A74914 /* ParkingFactory.swift */ = {isa = PBXFileReference; fileEncoding = 4; lastKnownFileType = sourcecode.swift; path = ParkingFactory.swift; sourceTree = "<group>"; };
		10471D5C1DEDD03E0012CF26 /* Place.swift */ = {isa = PBXFileReference; fileEncoding = 4; lastKnownFileType = sourcecode.swift; path = Place.swift; sourceTree = "<group>"; };
		10471D5E1DEDDA290012CF26 /* DefaultViewController.swift */ = {isa = PBXFileReference; fileEncoding = 4; lastKnownFileType = sourcecode.swift; path = DefaultViewController.swift; sourceTree = "<group>"; };
		10471D611DEE192C0012CF26 /* SearchPlace.swift */ = {isa = PBXFileReference; fileEncoding = 4; lastKnownFileType = sourcecode.swift; path = SearchPlace.swift; sourceTree = "<group>"; };
		104D05981DD203E8009B45B7 /* FBAnnotation.swift */ = {isa = PBXFileReference; fileEncoding = 4; lastKnownFileType = sourcecode.swift; path = FBAnnotation.swift; sourceTree = "<group>"; };
		104D05991DD203E8009B45B7 /* FBAnnotationCluster.swift */ = {isa = PBXFileReference; fileEncoding = 4; lastKnownFileType = sourcecode.swift; path = FBAnnotationCluster.swift; sourceTree = "<group>"; };
		104D059A1DD203E8009B45B7 /* FBAnnotationClusterTemplate.swift */ = {isa = PBXFileReference; fileEncoding = 4; lastKnownFileType = sourcecode.swift; path = FBAnnotationClusterTemplate.swift; sourceTree = "<group>"; };
		104D059B1DD203E8009B45B7 /* FBAnnotationClusterView.swift */ = {isa = PBXFileReference; fileEncoding = 4; lastKnownFileType = sourcecode.swift; path = FBAnnotationClusterView.swift; sourceTree = "<group>"; };
		104D059C1DD203E8009B45B7 /* FBAnnotationClusterViewConfiguration.swift */ = {isa = PBXFileReference; fileEncoding = 4; lastKnownFileType = sourcecode.swift; path = FBAnnotationClusterViewConfiguration.swift; sourceTree = "<group>"; };
		104D059D1DD203E8009B45B7 /* FBBoundingBox+MapKit.swift */ = {isa = PBXFileReference; fileEncoding = 4; lastKnownFileType = sourcecode.swift; path = "FBBoundingBox+MapKit.swift"; sourceTree = "<group>"; };
		104D059E1DD203E8009B45B7 /* FBBoundingBox.swift */ = {isa = PBXFileReference; fileEncoding = 4; lastKnownFileType = sourcecode.swift; path = FBBoundingBox.swift; sourceTree = "<group>"; };
		104D059F1DD203E8009B45B7 /* FBClusteringManager.swift */ = {isa = PBXFileReference; fileEncoding = 4; lastKnownFileType = sourcecode.swift; path = FBClusteringManager.swift; sourceTree = "<group>"; };
		104D05A01DD203E8009B45B7 /* FBQuadTree.swift */ = {isa = PBXFileReference; fileEncoding = 4; lastKnownFileType = sourcecode.swift; path = FBQuadTree.swift; sourceTree = "<group>"; };
		104D05A11DD203E8009B45B7 /* FBQuadTreeNode.swift */ = {isa = PBXFileReference; fileEncoding = 4; lastKnownFileType = sourcecode.swift; path = FBQuadTreeNode.swift; sourceTree = "<group>"; };
		104D05A21DD203E8009B45B7 /* FBZoomLevel.swift */ = {isa = PBXFileReference; fileEncoding = 4; lastKnownFileType = sourcecode.swift; path = FBZoomLevel.swift; sourceTree = "<group>"; };
		1079DCB91DCDBB0600A50781 /* Alamofire.framework */ = {isa = PBXFileReference; lastKnownFileType = wrapper.framework; name = Alamofire.framework; path = Carthage/Build/iOS/Alamofire.framework; sourceTree = "<group>"; };
		1079DCBA1DCDBB0600A50781 /* SwiftyJSON.framework */ = {isa = PBXFileReference; lastKnownFileType = wrapper.framework; name = SwiftyJSON.framework; path = Carthage/Build/iOS/SwiftyJSON.framework; sourceTree = "<group>"; };
		10919E961DEF4FB80005C17D /* ChargingPoint.swift */ = {isa = PBXFileReference; fileEncoding = 4; lastKnownFileType = sourcecode.swift; path = ChargingPoint.swift; sourceTree = "<group>"; };
		10919E981DEF51330005C17D /* ChargingPointFactory.swift */ = {isa = PBXFileReference; fileEncoding = 4; lastKnownFileType = sourcecode.swift; path = ChargingPointFactory.swift; sourceTree = "<group>"; };
		10D3C8F21DD0BD9E000A9B87 /* MKMapViewExt.swift */ = {isa = PBXFileReference; fileEncoding = 4; lastKnownFileType = sourcecode.swift; path = MKMapViewExt.swift; sourceTree = "<group>"; };
		10E565501DEEF65300E6D5C3 /* FuelStation.swift */ = {isa = PBXFileReference; fileEncoding = 4; lastKnownFileType = sourcecode.swift; path = FuelStation.swift; sourceTree = "<group>"; };
		10E565541DEF033A00E6D5C3 /* FuelStationFactory.swift */ = {isa = PBXFileReference; fileEncoding = 4; lastKnownFileType = sourcecode.swift; path = FuelStationFactory.swift; sourceTree = "<group>"; };
		10E565561DEF03C300E6D5C3 /* PlaceFactory.swift */ = {isa = PBXFileReference; fileEncoding = 4; lastKnownFileType = sourcecode.swift; path = PlaceFactory.swift; sourceTree = "<group>"; };
		10EF52A71DE19F9000499D61 /* MapViewController.swift */ = {isa = PBXFileReference; fileEncoding = 4; lastKnownFileType = sourcecode.swift; path = MapViewController.swift; sourceTree = "<group>"; };
		10EF52A81DE19F9000499D61 /* MapViewController.xib */ = {isa = PBXFileReference; fileEncoding = 4; lastKnownFileType = file.xib; path = MapViewController.xib; sourceTree = "<group>"; };
		10EF52A91DE19F9000499D61 /* SearchViewController.swift */ = {isa = PBXFileReference; fileEncoding = 4; lastKnownFileType = sourcecode.swift; path = SearchViewController.swift; sourceTree = "<group>"; };
		10EF52AA1DE19F9000499D61 /* SearchViewController.xib */ = {isa = PBXFileReference; fileEncoding = 4; lastKnownFileType = file.xib; path = SearchViewController.xib; sourceTree = "<group>"; };
		378A81861D7FF38600DD8AE7 /* ParisParking.app */ = {isa = PBXFileReference; explicitFileType = wrapper.application; includeInIndex = 0; path = ParisParking.app; sourceTree = BUILT_PRODUCTS_DIR; };
		378A81891D7FF38600DD8AE7 /* AppDelegate.swift */ = {isa = PBXFileReference; lastKnownFileType = sourcecode.swift; path = AppDelegate.swift; sourceTree = "<group>"; };
		378A81901D7FF38600DD8AE7 /* Assets.xcassets */ = {isa = PBXFileReference; lastKnownFileType = folder.assetcatalog; path = Assets.xcassets; sourceTree = "<group>"; };
		378A81931D7FF38600DD8AE7 /* Base */ = {isa = PBXFileReference; lastKnownFileType = file.storyboard; name = Base; path = Base.lproj/LaunchScreen.storyboard; sourceTree = "<group>"; };
		378A81951D7FF38600DD8AE7 /* Info.plist */ = {isa = PBXFileReference; lastKnownFileType = text.plist.xml; path = Info.plist; sourceTree = "<group>"; };
/* End PBXFileReference section */

/* Begin PBXFrameworksBuildPhase section */
		378A81831D7FF38600DD8AE7 /* Frameworks */ = {
			isa = PBXFrameworksBuildPhase;
			buildActionMask = 2147483647;
			files = (
				10353CE61DCF4A1300A74914 /* MapKit.framework in Frameworks */,
				10353CE41DCF4A0A00A74914 /* CoreLocation.framework in Frameworks */,
				1079DCBB1DCDBB0600A50781 /* Alamofire.framework in Frameworks */,
				1079DCBC1DCDBB0600A50781 /* SwiftyJSON.framework in Frameworks */,
			);
			runOnlyForDeploymentPostprocessing = 0;
		};
/* End PBXFrameworksBuildPhase section */

/* Begin PBXGroup section */
		100B691E1DED8DB300BCEC66 /* Components */ = {
			isa = PBXGroup;
			children = (
				10471D601DEE18D60012CF26 /* MKAnnotation */,
				100B691F1DED8DB300BCEC66 /* TableViewCell */,
			);
			path = Components;
			sourceTree = "<group>";
		};
		100B691F1DED8DB300BCEC66 /* TableViewCell */ = {
			isa = PBXGroup;
			children = (
				100B69201DED8DDA00BCEC66 /* PlaceTableViewCell.swift */,
				100B69211DED8DDA00BCEC66 /* PlaceTableViewCell.xib */,
			);
			path = TableViewCell;
			sourceTree = "<group>";
		};
		10353CE01DCF403D00A74914 /* Manager */ = {
			isa = PBXGroup;
			children = (
				10353CE11DCF405200A74914 /* GeoPointService.swift */,
			);
			path = Manager;
			sourceTree = "<group>";
		};
		10353CE91DCF57E500A74914 /* Models */ = {
			isa = PBXGroup;
			children = (
				10919E961DEF4FB80005C17D /* ChargingPoint.swift */,
				10E565501DEEF65300E6D5C3 /* FuelStation.swift */,
				10353CEA1DCF581B00A74914 /* Parking.swift */,
				10471D5C1DEDD03E0012CF26 /* Place.swift */,
			);
			path = Models;
			sourceTree = "<group>";
		};
		10353CEC1DCF5A1000A74914 /* Factory */ = {
			isa = PBXGroup;
			children = (
				10919E981DEF51330005C17D /* ChargingPointFactory.swift */,
				10E565541DEF033A00E6D5C3 /* FuelStationFactory.swift */,
				10353CED1DCF5AC300A74914 /* ParkingFactory.swift */,
				10E565561DEF03C300E6D5C3 /* PlaceFactory.swift */,
			);
			path = Factory;
			sourceTree = "<group>";
		};
		10471D601DEE18D60012CF26 /* MKAnnotation */ = {
			isa = PBXGroup;
			children = (
				10471D611DEE192C0012CF26 /* SearchPlace.swift */,
			);
			path = MKAnnotation;
			sourceTree = "<group>";
		};
		104D05971DD203E8009B45B7 /* FBAnnotationClustering */ = {
			isa = PBXGroup;
			children = (
				104D05981DD203E8009B45B7 /* FBAnnotation.swift */,
				104D05991DD203E8009B45B7 /* FBAnnotationCluster.swift */,
				104D059A1DD203E8009B45B7 /* FBAnnotationClusterTemplate.swift */,
				104D059B1DD203E8009B45B7 /* FBAnnotationClusterView.swift */,
				104D059C1DD203E8009B45B7 /* FBAnnotationClusterViewConfiguration.swift */,
				104D059D1DD203E8009B45B7 /* FBBoundingBox+MapKit.swift */,
				104D059E1DD203E8009B45B7 /* FBBoundingBox.swift */,
				104D059F1DD203E8009B45B7 /* FBClusteringManager.swift */,
				104D05A01DD203E8009B45B7 /* FBQuadTree.swift */,
				104D05A11DD203E8009B45B7 /* FBQuadTreeNode.swift */,
				104D05A21DD203E8009B45B7 /* FBZoomLevel.swift */,
			);
			path = FBAnnotationClustering;
			sourceTree = "<group>";
		};
		1079DCB81DCDBB0600A50781 /* Frameworks */ = {
			isa = PBXGroup;
			children = (
				10353CE51DCF4A1300A74914 /* MapKit.framework */,
				10353CE31DCF4A0A00A74914 /* CoreLocation.framework */,
				1079DCB91DCDBB0600A50781 /* Alamofire.framework */,
				1079DCBA1DCDBB0600A50781 /* SwiftyJSON.framework */,
			);
			name = Frameworks;
			sourceTree = "<group>";
		};
		10EF52A61DE19F9000499D61 /* Views */ = {
			isa = PBXGroup;
			children = (
				10471D5E1DEDDA290012CF26 /* DefaultViewController.swift */,
				10EF52A71DE19F9000499D61 /* MapViewController.swift */,
				10EF52A81DE19F9000499D61 /* MapViewController.xib */,
				10EF52A91DE19F9000499D61 /* SearchViewController.swift */,
				10EF52AA1DE19F9000499D61 /* SearchViewController.xib */,
			);
			path = Views;
			sourceTree = "<group>";
		};
		378A817D1D7FF38600DD8AE7 = {
			isa = PBXGroup;
			children = (
				378A81881D7FF38600DD8AE7 /* ParisParking */,
				378A81871D7FF38600DD8AE7 /* Products */,
				1079DCB81DCDBB0600A50781 /* Frameworks */,
				104D05971DD203E8009B45B7 /* FBAnnotationClustering */,
			);
			sourceTree = "<group>";
		};
		378A81871D7FF38600DD8AE7 /* Products */ = {
			isa = PBXGroup;
			children = (
				378A81861D7FF38600DD8AE7 /* ParisParking.app */,
			);
			name = Products;
			sourceTree = "<group>";
		};
		378A81881D7FF38600DD8AE7 /* ParisParking */ = {
			isa = PBXGroup;
			children = (
				100B691E1DED8DB300BCEC66 /* Components */,
				10353CEC1DCF5A1000A74914 /* Factory */,
				10353CE01DCF403D00A74914 /* Manager */,
				10353CE91DCF57E500A74914 /* Models */,
				10EF52A61DE19F9000499D61 /* Views */,
				378A81891D7FF38600DD8AE7 /* AppDelegate.swift */,
				378A81901D7FF38600DD8AE7 /* Assets.xcassets */,
				378A81921D7FF38600DD8AE7 /* LaunchScreen.storyboard */,
				378A81951D7FF38600DD8AE7 /* Info.plist */,
				10D3C8F21DD0BD9E000A9B87 /* MKMapViewExt.swift */,
			);
			path = ParisParking;
			sourceTree = "<group>";
		};
/* End PBXGroup section */

/* Begin PBXNativeTarget section */
		378A81851D7FF38600DD8AE7 /* ParisParking */ = {
			isa = PBXNativeTarget;
			buildConfigurationList = 378A81981D7FF38600DD8AE7 /* Build configuration list for PBXNativeTarget "ParisParking" */;
			buildPhases = (
				378A81821D7FF38600DD8AE7 /* Sources */,
				378A81831D7FF38600DD8AE7 /* Frameworks */,
				378A81841D7FF38600DD8AE7 /* Resources */,
				1079DCBD1DCDBB4C00A50781 /* CopyFiles */,
			);
			buildRules = (
			);
			dependencies = (
			);
			name = ParisParking;
			productName = ParisParking;
			productReference = 378A81861D7FF38600DD8AE7 /* ParisParking.app */;
			productType = "com.apple.product-type.application";
		};
/* End PBXNativeTarget section */

/* Begin PBXProject section */
		378A817E1D7FF38600DD8AE7 /* Project object */ = {
			isa = PBXProject;
			attributes = {
				LastSwiftUpdateCheck = 0730;
				LastUpgradeCheck = 0810;
				ORGANIZATIONNAME = "Nicolas Fonsat";
				TargetAttributes = {
					378A81851D7FF38600DD8AE7 = {
						CreatedOnToolsVersion = 7.3;
						DevelopmentTeam = Q2G63B87TD;
						LastSwiftMigration = 0810;
					};
				};
			};
			buildConfigurationList = 378A81811D7FF38600DD8AE7 /* Build configuration list for PBXProject "ParisParking" */;
			compatibilityVersion = "Xcode 3.2";
			developmentRegion = English;
			hasScannedForEncodings = 0;
			knownRegions = (
				en,
				Base,
			);
			mainGroup = 378A817D1D7FF38600DD8AE7;
			productRefGroup = 378A81871D7FF38600DD8AE7 /* Products */;
			projectDirPath = "";
			projectRoot = "";
			targets = (
				378A81851D7FF38600DD8AE7 /* ParisParking */,
			);
		};
/* End PBXProject section */

/* Begin PBXResourcesBuildPhase section */
		378A81841D7FF38600DD8AE7 /* Resources */ = {
			isa = PBXResourcesBuildPhase;
			buildActionMask = 2147483647;
			files = (
				378A81941D7FF38600DD8AE7 /* LaunchScreen.storyboard in Resources */,
				10EF52AC1DE19F9000499D61 /* MapViewController.xib in Resources */,
				10EF52AE1DE19F9000499D61 /* SearchViewController.xib in Resources */,
				100B69231DED8DDA00BCEC66 /* PlaceTableViewCell.xib in Resources */,
				378A81911D7FF38600DD8AE7 /* Assets.xcassets in Resources */,
			);
			runOnlyForDeploymentPostprocessing = 0;
		};
/* End PBXResourcesBuildPhase section */

/* Begin PBXSourcesBuildPhase section */
		378A81821D7FF38600DD8AE7 /* Sources */ = {
			isa = PBXSourcesBuildPhase;
			buildActionMask = 2147483647;
			files = (
				10E565511DEEF65300E6D5C3 /* FuelStation.swift in Sources */,
				104D05A41DD203E8009B45B7 /* FBAnnotationCluster.swift in Sources */,
				104D05A71DD203E8009B45B7 /* FBAnnotationClusterViewConfiguration.swift in Sources */,
				104D05A81DD203E8009B45B7 /* FBBoundingBox+MapKit.swift in Sources */,
				104D05A51DD203E8009B45B7 /* FBAnnotationClusterTemplate.swift in Sources */,
				100B69221DED8DDA00BCEC66 /* PlaceTableViewCell.swift in Sources */,
				104D05A31DD203E8009B45B7 /* FBAnnotation.swift in Sources */,
				104D05AD1DD203E8009B45B7 /* FBZoomLevel.swift in Sources */,
				10E565571DEF03C300E6D5C3 /* PlaceFactory.swift in Sources */,
				104D05AA1DD203E8009B45B7 /* FBClusteringManager.swift in Sources */,
				10E565551DEF033A00E6D5C3 /* FuelStationFactory.swift in Sources */,
				104D05A61DD203E8009B45B7 /* FBAnnotationClusterView.swift in Sources */,
				104D05AC1DD203E8009B45B7 /* FBQuadTreeNode.swift in Sources */,
				10353CEB1DCF581B00A74914 /* Parking.swift in Sources */,
				104D05A91DD203E8009B45B7 /* FBBoundingBox.swift in Sources */,
				10353CEE1DCF5AC300A74914 /* ParkingFactory.swift in Sources */,
				10EF52AD1DE19F9000499D61 /* SearchViewController.swift in Sources */,
				10919E971DEF4FB80005C17D /* ChargingPoint.swift in Sources */,
				10919E991DEF51330005C17D /* ChargingPointFactory.swift in Sources */,
				10D3C8F31DD0BD9E000A9B87 /* MKMapViewExt.swift in Sources */,
				10471D621DEE192C0012CF26 /* SearchPlace.swift in Sources */,
				10353CE21DCF405200A74914 /* GeoPointService.swift in Sources */,
				104D05AB1DD203E8009B45B7 /* FBQuadTree.swift in Sources */,
				378A818A1D7FF38600DD8AE7 /* AppDelegate.swift in Sources */,
				10471D5F1DEDDA290012CF26 /* DefaultViewController.swift in Sources */,
				10EF52AB1DE19F9000499D61 /* MapViewController.swift in Sources */,
				10471D5D1DEDD03E0012CF26 /* Place.swift in Sources */,
			);
			runOnlyForDeploymentPostprocessing = 0;
		};
/* End PBXSourcesBuildPhase section */

/* Begin PBXVariantGroup section */
		378A81921D7FF38600DD8AE7 /* LaunchScreen.storyboard */ = {
			isa = PBXVariantGroup;
			children = (
				378A81931D7FF38600DD8AE7 /* Base */,
			);
			name = LaunchScreen.storyboard;
			sourceTree = "<group>";
		};
/* End PBXVariantGroup section */

/* Begin XCBuildConfiguration section */
		378A81961D7FF38600DD8AE7 /* Debug */ = {
			isa = XCBuildConfiguration;
			buildSettings = {
				ALWAYS_SEARCH_USER_PATHS = NO;
				CLANG_ANALYZER_NONNULL = YES;
				CLANG_CXX_LANGUAGE_STANDARD = "gnu++0x";
				CLANG_CXX_LIBRARY = "libc++";
				CLANG_ENABLE_MODULES = YES;
				CLANG_ENABLE_OBJC_ARC = YES;
				CLANG_WARN_BOOL_CONVERSION = YES;
				CLANG_WARN_CONSTANT_CONVERSION = YES;
				CLANG_WARN_DIRECT_OBJC_ISA_USAGE = YES_ERROR;
				CLANG_WARN_EMPTY_BODY = YES;
				CLANG_WARN_ENUM_CONVERSION = YES;
				CLANG_WARN_INT_CONVERSION = YES;
				CLANG_WARN_OBJC_ROOT_CLASS = YES_ERROR;
				CLANG_WARN_UNREACHABLE_CODE = YES;
				CLANG_WARN__DUPLICATE_METHOD_MATCH = YES;
				"CODE_SIGN_IDENTITY[sdk=iphoneos*]" = "iPhone Developer";
				COPY_PHASE_STRIP = NO;
				DEBUG_INFORMATION_FORMAT = dwarf;
				ENABLE_STRICT_OBJC_MSGSEND = YES;
				ENABLE_TESTABILITY = YES;
				GCC_C_LANGUAGE_STANDARD = gnu99;
				GCC_DYNAMIC_NO_PIC = NO;
				GCC_NO_COMMON_BLOCKS = YES;
				GCC_OPTIMIZATION_LEVEL = 0;
				GCC_PREPROCESSOR_DEFINITIONS = (
					"DEBUG=1",
					"$(inherited)",
				);
				GCC_WARN_64_TO_32_BIT_CONVERSION = YES;
				GCC_WARN_ABOUT_RETURN_TYPE = YES_ERROR;
				GCC_WARN_UNDECLARED_SELECTOR = YES;
				GCC_WARN_UNINITIALIZED_AUTOS = YES_AGGRESSIVE;
				GCC_WARN_UNUSED_FUNCTION = YES;
				GCC_WARN_UNUSED_VARIABLE = YES;
				IPHONEOS_DEPLOYMENT_TARGET = 9.3;
				MTL_ENABLE_DEBUG_INFO = YES;
				ONLY_ACTIVE_ARCH = YES;
				SDKROOT = iphoneos;
				SWIFT_OPTIMIZATION_LEVEL = "-Onone";
			};
			name = Debug;
		};
		378A81971D7FF38600DD8AE7 /* Release */ = {
			isa = XCBuildConfiguration;
			buildSettings = {
				ALWAYS_SEARCH_USER_PATHS = NO;
				CLANG_ANALYZER_NONNULL = YES;
				CLANG_CXX_LANGUAGE_STANDARD = "gnu++0x";
				CLANG_CXX_LIBRARY = "libc++";
				CLANG_ENABLE_MODULES = YES;
				CLANG_ENABLE_OBJC_ARC = YES;
				CLANG_WARN_BOOL_CONVERSION = YES;
				CLANG_WARN_CONSTANT_CONVERSION = YES;
				CLANG_WARN_DIRECT_OBJC_ISA_USAGE = YES_ERROR;
				CLANG_WARN_EMPTY_BODY = YES;
				CLANG_WARN_ENUM_CONVERSION = YES;
				CLANG_WARN_INT_CONVERSION = YES;
				CLANG_WARN_OBJC_ROOT_CLASS = YES_ERROR;
				CLANG_WARN_UNREACHABLE_CODE = YES;
				CLANG_WARN__DUPLICATE_METHOD_MATCH = YES;
				"CODE_SIGN_IDENTITY[sdk=iphoneos*]" = "iPhone Developer";
				COPY_PHASE_STRIP = NO;
				DEBUG_INFORMATION_FORMAT = "dwarf-with-dsym";
				ENABLE_NS_ASSERTIONS = NO;
				ENABLE_STRICT_OBJC_MSGSEND = YES;
				GCC_C_LANGUAGE_STANDARD = gnu99;
				GCC_NO_COMMON_BLOCKS = YES;
				GCC_WARN_64_TO_32_BIT_CONVERSION = YES;
				GCC_WARN_ABOUT_RETURN_TYPE = YES_ERROR;
				GCC_WARN_UNDECLARED_SELECTOR = YES;
				GCC_WARN_UNINITIALIZED_AUTOS = YES_AGGRESSIVE;
				GCC_WARN_UNUSED_FUNCTION = YES;
				GCC_WARN_UNUSED_VARIABLE = YES;
				IPHONEOS_DEPLOYMENT_TARGET = 9.3;
				MTL_ENABLE_DEBUG_INFO = NO;
				SDKROOT = iphoneos;
				VALIDATE_PRODUCT = YES;
			};
			name = Release;
		};
		378A81991D7FF38600DD8AE7 /* Debug */ = {
			isa = XCBuildConfiguration;
			buildSettings = {
				ASSETCATALOG_COMPILER_APPICON_NAME = AppIcon;
				CODE_SIGN_IDENTITY = "iPhone Developer";
				DEVELOPMENT_TEAM = Q2G63B87TD;
				FRAMEWORK_SEARCH_PATHS = (
					"$(inherited)",
					"$(PROJECT_DIR)/Carthage/Build/iOS",
				);
				INFOPLIST_FILE = ParisParking/Info.plist;
				IPHONEOS_DEPLOYMENT_TARGET = 9.0;
				LD_RUNPATH_SEARCH_PATHS = "$(inherited) @executable_path/Frameworks";
				PRODUCT_BUNDLE_IDENTIFIER = nicolas.paradise.fr.ParisParking;
				PRODUCT_NAME = "$(TARGET_NAME)";
				SWIFT_VERSION = 3.0;
				TARGETED_DEVICE_FAMILY = 1;
			};
			name = Debug;
		};
		378A819A1D7FF38600DD8AE7 /* Release */ = {
			isa = XCBuildConfiguration;
			buildSettings = {
				ASSETCATALOG_COMPILER_APPICON_NAME = AppIcon;
				CODE_SIGN_IDENTITY = "iPhone Developer";
				DEVELOPMENT_TEAM = Q2G63B87TD;
				FRAMEWORK_SEARCH_PATHS = (
					"$(inherited)",
					"$(PROJECT_DIR)/Carthage/Build/iOS",
				);
				INFOPLIST_FILE = ParisParking/Info.plist;
				IPHONEOS_DEPLOYMENT_TARGET = 9.0;
				LD_RUNPATH_SEARCH_PATHS = "$(inherited) @executable_path/Frameworks";
				PRODUCT_BUNDLE_IDENTIFIER = nicolas.paradise.fr.ParisParking;
				PRODUCT_NAME = "$(TARGET_NAME)";
				SWIFT_VERSION = 3.0;
				TARGETED_DEVICE_FAMILY = 1;
			};
			name = Release;
		};
/* End XCBuildConfiguration section */

/* Begin XCConfigurationList section */
		378A81811D7FF38600DD8AE7 /* Build configuration list for PBXProject "ParisParking" */ = {
			isa = XCConfigurationList;
			buildConfigurations = (
				378A81961D7FF38600DD8AE7 /* Debug */,
				378A81971D7FF38600DD8AE7 /* Release */,
			);
			defaultConfigurationIsVisible = 0;
			defaultConfigurationName = Release;
		};
		378A81981D7FF38600DD8AE7 /* Build configuration list for PBXNativeTarget "ParisParking" */ = {
			isa = XCConfigurationList;
			buildConfigurations = (
				378A81991D7FF38600DD8AE7 /* Debug */,
				378A819A1D7FF38600DD8AE7 /* Release */,
			);
			defaultConfigurationIsVisible = 0;
			defaultConfigurationName = Release;
		};
/* End XCConfigurationList section */
	};
	rootObject = 378A817E1D7FF38600DD8AE7 /* Project object */;
}
